
Microsoft Visual Studio Solution File, Format Version 12.00
# Visual Studio Version 16
VisualStudioVersion = 16.0.31105.61
MinimumVisualStudioVersion = 10.0.40219.1
Project("{9A19103F-16F7-4668-BE54-9A1E7A4F7556}") = "labki", "labki\labki.csproj", "{B4EF62D2-8323-4260-B270-ED80596728E3}"
EndProject
Global
	GlobalSection(SolutionConfigurationPlatforms) = preSolution
		Debug|Any CPU = Debug|Any CPU
		Release|Any CPU = Release|Any CPU
	EndGlobalSection
	GlobalSection(ProjectConfigurationPlatforms) = postSolution
		{B4EF62D2-8323-4260-B270-ED80596728E3}.Debug|Any CPU.ActiveCfg = Debug|Any CPU
		{B4EF62D2-8323-4260-B270-ED80596728E3}.Debug|Any CPU.Build.0 = Debug|Any CPU
		{B4EF62D2-8323-4260-B270-ED80596728E3}.Release|Any CPU.ActiveCfg = Release|Any CPU
		{B4EF62D2-8323-4260-B270-ED80596728E3}.Release|Any CPU.Build.0 = Release|Any CPU
	EndGlobalSection
	GlobalSection(SolutionProperties) = preSolution
		HideSolutionNode = FALSE
	EndGlobalSection
	GlobalSection(ExtensibilityGlobals) = postSolution
		SolutionGuid = {6F8759BA-0BCF-4ED6-A5A1-7A1916728D84}
	EndGlobalSection
EndGlobal
